
Microsoft Visual Studio Solution File, Format Version 12.00
# Visual Studio Version 16
VisualStudioVersion = 16.0.29806.167
MinimumVisualStudioVersion = 10.0.40219.1
Project("{9A19103F-16F7-4668-BE54-9A1E7A4F7556}") = "HW03.Task1", "HW03.Task1\HW03.Task1.csproj", "{28B18BFE-B7BA-4603-9A42-8C97E2E3C94C}"
EndProject
Project("{9A19103F-16F7-4668-BE54-9A1E7A4F7556}") = "HW03.Task2", "HW03.Task2\HW03.Task2.csproj", "{54B600E3-CD5D-4177-94EF-CB908DA22B7C}"
EndProject
Project("{9A19103F-16F7-4668-BE54-9A1E7A4F7556}") = "HW.02", "HW.02\HW.02.csproj", "{235BA651-67FE-4E05-A7B8-76CAB1F2A942}"
EndProject
Project("{9A19103F-16F7-4668-BE54-9A1E7A4F7556}") = "HW_08.Task1", "HW_08.Task1\HW_08.Task1.csproj", "{6862303B-3D88-46CE-862B-EA49456D0B9D}"
EndProject
Project("{9A19103F-16F7-4668-BE54-9A1E7A4F7556}") = "HW08.Task2", "HW08.Task2\HW08.Task2.csproj", "{5E2558BA-1B8C-405C-9499-36B281A9EA06}"
EndProject
Project("{9A19103F-16F7-4668-BE54-9A1E7A4F7556}") = "HW08.Task3", "HW08.Task3\HW08.Task3.csproj", "{380D1FE2-561A-49C3-B1DD-AEE5C473147E}"
EndProject
Project("{9A19103F-16F7-4668-BE54-9A1E7A4F7556}") = "HW06.Task1", "HW06.Task1\HW06.Task1.csproj", "{92DBD0DD-DFBF-439D-A60C-295D472F0240}"
EndProject
Project("{9A19103F-16F7-4668-BE54-9A1E7A4F7556}") = "HW06.Task2", "HW06.Task2\HW06.Task2.csproj", "{71A74337-3D67-4491-95E1-FEE486A9B4EC}"
EndProject
Project("{9A19103F-16F7-4668-BE54-9A1E7A4F7556}") = "HW06.Task3", "HW06.Task3\HW06.Task3.csproj", "{3D6BD117-184F-4A65-BFB9-9700B163C6AC}"
EndProject
Project("{9A19103F-16F7-4668-BE54-9A1E7A4F7556}") = "HW_05.Task1", "HW_05.Task1\HW_05.Task1.csproj", "{6DC7AAB2-184F-438B-8706-669D30BD3C87}"
EndProject
Project("{9A19103F-16F7-4668-BE54-9A1E7A4F7556}") = "HW_05.Task2", "HW_05.Task2\HW_05.Task2.csproj", "{02DB3B69-9528-49FD-9AC8-EA01D3365874}"
EndProject
Project("{FAE04EC0-301F-11D3-BF4B-00C04F79EFBC}") = "HW_12", "HW_12\HW_12.csproj", "{E4395E11-35DD-45B1-A4C4-1D41291879B0}"
Project("{FAE04EC0-301F-11D3-BF4B-00C04F79EFBC}") = "HW_11", "HW_11\HW_11.csproj", "{0BB45C83-9AD9-4DB7-941D-2E334E0B72C5}"
Project("{9A19103F-16F7-4668-BE54-9A1E7A4F7556}") = "AssemblyOne", "AssemblyOne\AssemblyOne.csproj", "{24DB79D0-5940-40CC-9361-4491A1EF97C1}"
EndProject
Project("{9A19103F-16F7-4668-BE54-9A1E7A4F7556}") = "AssemblyTwo", "AssemblyTwo\AssemblyTwo.csproj", "{1DB80D0D-7176-4341-9DB6-333CC71CF0D3}"
EndProject
Project("{FAE04EC0-301F-11D3-BF4B-00C04F79EFBC}") = "Flight", "Flight\Flight.csproj", "{CA1D0483-4D7C-4A1B-9076-5F02433E11CB}"
EndProject
Global
	GlobalSection(SolutionConfigurationPlatforms) = preSolution
		Debug|Any CPU = Debug|Any CPU
		Release|Any CPU = Release|Any CPU
	EndGlobalSection
	GlobalSection(ProjectConfigurationPlatforms) = postSolution
		{28B18BFE-B7BA-4603-9A42-8C97E2E3C94C}.Debug|Any CPU.ActiveCfg = Debug|Any CPU
		{28B18BFE-B7BA-4603-9A42-8C97E2E3C94C}.Debug|Any CPU.Build.0 = Debug|Any CPU
		{28B18BFE-B7BA-4603-9A42-8C97E2E3C94C}.Release|Any CPU.ActiveCfg = Release|Any CPU
		{28B18BFE-B7BA-4603-9A42-8C97E2E3C94C}.Release|Any CPU.Build.0 = Release|Any CPU
		{54B600E3-CD5D-4177-94EF-CB908DA22B7C}.Debug|Any CPU.ActiveCfg = Debug|Any CPU
		{54B600E3-CD5D-4177-94EF-CB908DA22B7C}.Debug|Any CPU.Build.0 = Debug|Any CPU
		{54B600E3-CD5D-4177-94EF-CB908DA22B7C}.Release|Any CPU.ActiveCfg = Release|Any CPU
		{54B600E3-CD5D-4177-94EF-CB908DA22B7C}.Release|Any CPU.Build.0 = Release|Any CPU
		{235BA651-67FE-4E05-A7B8-76CAB1F2A942}.Debug|Any CPU.ActiveCfg = Debug|Any CPU
		{235BA651-67FE-4E05-A7B8-76CAB1F2A942}.Debug|Any CPU.Build.0 = Debug|Any CPU
		{235BA651-67FE-4E05-A7B8-76CAB1F2A942}.Release|Any CPU.ActiveCfg = Release|Any CPU
		{235BA651-67FE-4E05-A7B8-76CAB1F2A942}.Release|Any CPU.Build.0 = Release|Any CPU
		{6862303B-3D88-46CE-862B-EA49456D0B9D}.Debug|Any CPU.ActiveCfg = Debug|Any CPU
		{6862303B-3D88-46CE-862B-EA49456D0B9D}.Debug|Any CPU.Build.0 = Debug|Any CPU
		{6862303B-3D88-46CE-862B-EA49456D0B9D}.Release|Any CPU.ActiveCfg = Release|Any CPU
		{6862303B-3D88-46CE-862B-EA49456D0B9D}.Release|Any CPU.Build.0 = Release|Any CPU
		{5E2558BA-1B8C-405C-9499-36B281A9EA06}.Debug|Any CPU.ActiveCfg = Debug|Any CPU
		{5E2558BA-1B8C-405C-9499-36B281A9EA06}.Debug|Any CPU.Build.0 = Debug|Any CPU
		{5E2558BA-1B8C-405C-9499-36B281A9EA06}.Release|Any CPU.ActiveCfg = Release|Any CPU
		{5E2558BA-1B8C-405C-9499-36B281A9EA06}.Release|Any CPU.Build.0 = Release|Any CPU
		{380D1FE2-561A-49C3-B1DD-AEE5C473147E}.Debug|Any CPU.ActiveCfg = Debug|Any CPU
		{380D1FE2-561A-49C3-B1DD-AEE5C473147E}.Debug|Any CPU.Build.0 = Debug|Any CPU
		{380D1FE2-561A-49C3-B1DD-AEE5C473147E}.Release|Any CPU.ActiveCfg = Release|Any CPU
		{380D1FE2-561A-49C3-B1DD-AEE5C473147E}.Release|Any CPU.Build.0 = Release|Any CPU
		{92DBD0DD-DFBF-439D-A60C-295D472F0240}.Debug|Any CPU.ActiveCfg = Debug|Any CPU
		{92DBD0DD-DFBF-439D-A60C-295D472F0240}.Debug|Any CPU.Build.0 = Debug|Any CPU
		{92DBD0DD-DFBF-439D-A60C-295D472F0240}.Release|Any CPU.ActiveCfg = Release|Any CPU
		{92DBD0DD-DFBF-439D-A60C-295D472F0240}.Release|Any CPU.Build.0 = Release|Any CPU
		{71A74337-3D67-4491-95E1-FEE486A9B4EC}.Debug|Any CPU.ActiveCfg = Debug|Any CPU
		{71A74337-3D67-4491-95E1-FEE486A9B4EC}.Debug|Any CPU.Build.0 = Debug|Any CPU
		{71A74337-3D67-4491-95E1-FEE486A9B4EC}.Release|Any CPU.ActiveCfg = Release|Any CPU
		{71A74337-3D67-4491-95E1-FEE486A9B4EC}.Release|Any CPU.Build.0 = Release|Any CPU
		{3D6BD117-184F-4A65-BFB9-9700B163C6AC}.Debug|Any CPU.ActiveCfg = Debug|Any CPU
		{3D6BD117-184F-4A65-BFB9-9700B163C6AC}.Debug|Any CPU.Build.0 = Debug|Any CPU
		{3D6BD117-184F-4A65-BFB9-9700B163C6AC}.Release|Any CPU.ActiveCfg = Release|Any CPU
		{3D6BD117-184F-4A65-BFB9-9700B163C6AC}.Release|Any CPU.Build.0 = Release|Any CPU
		{6DC7AAB2-184F-438B-8706-669D30BD3C87}.Debug|Any CPU.ActiveCfg = Debug|Any CPU
		{6DC7AAB2-184F-438B-8706-669D30BD3C87}.Debug|Any CPU.Build.0 = Debug|Any CPU
		{6DC7AAB2-184F-438B-8706-669D30BD3C87}.Release|Any CPU.ActiveCfg = Release|Any CPU
		{6DC7AAB2-184F-438B-8706-669D30BD3C87}.Release|Any CPU.Build.0 = Release|Any CPU
		{02DB3B69-9528-49FD-9AC8-EA01D3365874}.Debug|Any CPU.ActiveCfg = Debug|Any CPU
		{02DB3B69-9528-49FD-9AC8-EA01D3365874}.Debug|Any CPU.Build.0 = Debug|Any CPU
		{02DB3B69-9528-49FD-9AC8-EA01D3365874}.Release|Any CPU.ActiveCfg = Release|Any CPU
		{02DB3B69-9528-49FD-9AC8-EA01D3365874}.Release|Any CPU.Build.0 = Release|Any CPU
		{E4395E11-35DD-45B1-A4C4-1D41291879B0}.Debug|Any CPU.ActiveCfg = Debug|Any CPU
		{E4395E11-35DD-45B1-A4C4-1D41291879B0}.Debug|Any CPU.Build.0 = Debug|Any CPU
		{E4395E11-35DD-45B1-A4C4-1D41291879B0}.Release|Any CPU.ActiveCfg = Release|Any CPU
		{E4395E11-35DD-45B1-A4C4-1D41291879B0}.Release|Any CPU.Build.0 = Release|Any CPU
		{0BB45C83-9AD9-4DB7-941D-2E334E0B72C5}.Debug|Any CPU.ActiveCfg = Debug|Any CPU
		{0BB45C83-9AD9-4DB7-941D-2E334E0B72C5}.Debug|Any CPU.Build.0 = Debug|Any CPU
		{0BB45C83-9AD9-4DB7-941D-2E334E0B72C5}.Release|Any CPU.ActiveCfg = Release|Any CPU
		{0BB45C83-9AD9-4DB7-941D-2E334E0B72C5}.Release|Any CPU.Build.0 = Release|Any CPU
		{24DB79D0-5940-40CC-9361-4491A1EF97C1}.Debug|Any CPU.ActiveCfg = Debug|Any CPU
		{24DB79D0-5940-40CC-9361-4491A1EF97C1}.Debug|Any CPU.Build.0 = Debug|Any CPU
		{24DB79D0-5940-40CC-9361-4491A1EF97C1}.Release|Any CPU.ActiveCfg = Release|Any CPU
		{24DB79D0-5940-40CC-9361-4491A1EF97C1}.Release|Any CPU.Build.0 = Release|Any CPU
		{1DB80D0D-7176-4341-9DB6-333CC71CF0D3}.Debug|Any CPU.ActiveCfg = Debug|Any CPU
		{1DB80D0D-7176-4341-9DB6-333CC71CF0D3}.Debug|Any CPU.Build.0 = Debug|Any CPU
		{1DB80D0D-7176-4341-9DB6-333CC71CF0D3}.Release|Any CPU.ActiveCfg = Release|Any CPU
		{1DB80D0D-7176-4341-9DB6-333CC71CF0D3}.Release|Any CPU.Build.0 = Release|Any CPU
		{CA1D0483-4D7C-4A1B-9076-5F02433E11CB}.Debug|Any CPU.ActiveCfg = Debug|Any CPU
		{CA1D0483-4D7C-4A1B-9076-5F02433E11CB}.Debug|Any CPU.Build.0 = Debug|Any CPU
		{CA1D0483-4D7C-4A1B-9076-5F02433E11CB}.Release|Any CPU.ActiveCfg = Release|Any CPU
		{CA1D0483-4D7C-4A1B-9076-5F02433E11CB}.Release|Any CPU.Build.0 = Release|Any CPU
	EndGlobalSection
	GlobalSection(SolutionProperties) = preSolution
		HideSolutionNode = FALSE
	EndGlobalSection
	GlobalSection(ExtensibilityGlobals) = postSolution
		SolutionGuid = {09C8E5A0-83A6-4D47-B2CB-57190D3A676E}
	EndGlobalSection
EndGlobal
